
Microsoft Visual Studio Solution File, Format Version 12.00
# Visual Studio Version 16
VisualStudioVersion = 16.0.29613.14
MinimumVisualStudioVersion = 10.0.40219.1
Project("{FAE04EC0-301F-11D3-BF4B-00C04F79EFBC}") = "AsynchronousWPF", "AsynchronousWPF\AsynchronousWPF.csproj", "{C7CBA285-8C4B-4318-B450-902C804BAB24}"
EndProject
Project("{9A19103F-16F7-4668-BE54-9A1E7A4F7556}") = "AsynchronousConsoleCore", "AsynchronousConsoleCore\AsynchronousConsoleCore.csproj", "{5CBAF9FC-6153-4443-8EC3-96ABA4DDA20A}"
EndProject
Project("{9A19103F-16F7-4668-BE54-9A1E7A4F7556}") = "AsynchronousWPFCore", "AsynchronousWPFCore\AsynchronousWPFCore.csproj", "{86676518-1C20-44CF-822C-338ED7F5B50B}"
EndProject
Project("{FAE04EC0-301F-11D3-BF4B-00C04F79EFBC}") = "WebAPI", "WebAPI\WebAPI.csproj", "{A585CF96-F55E-4F16-855A-EBE0AA900601}"
EndProject
Project("{9A19103F-16F7-4668-BE54-9A1E7A4F7556}") = "WebAPICore", "WebAPICore\WebAPICore.csproj", "{27AE8AE8-0081-4FD5-907F-532C546F99B4}"
EndProject
Global
	GlobalSection(SolutionConfigurationPlatforms) = preSolution
		Debug|Any CPU = Debug|Any CPU
		Release|Any CPU = Release|Any CPU
	EndGlobalSection
	GlobalSection(ProjectConfigurationPlatforms) = postSolution
		{C7CBA285-8C4B-4318-B450-902C804BAB24}.Debug|Any CPU.ActiveCfg = Debug|Any CPU
		{C7CBA285-8C4B-4318-B450-902C804BAB24}.Debug|Any CPU.Build.0 = Debug|Any CPU
		{C7CBA285-8C4B-4318-B450-902C804BAB24}.Release|Any CPU.ActiveCfg = Release|Any CPU
		{C7CBA285-8C4B-4318-B450-902C804BAB24}.Release|Any CPU.Build.0 = Release|Any CPU
		{5CBAF9FC-6153-4443-8EC3-96ABA4DDA20A}.Debug|Any CPU.ActiveCfg = Debug|Any CPU
		{5CBAF9FC-6153-4443-8EC3-96ABA4DDA20A}.Debug|Any CPU.Build.0 = Debug|Any CPU
		{5CBAF9FC-6153-4443-8EC3-96ABA4DDA20A}.Release|Any CPU.ActiveCfg = Release|Any CPU
		{5CBAF9FC-6153-4443-8EC3-96ABA4DDA20A}.Release|Any CPU.Build.0 = Release|Any CPU
		{86676518-1C20-44CF-822C-338ED7F5B50B}.Debug|Any CPU.ActiveCfg = Debug|Any CPU
		{86676518-1C20-44CF-822C-338ED7F5B50B}.Debug|Any CPU.Build.0 = Debug|Any CPU
		{86676518-1C20-44CF-822C-338ED7F5B50B}.Release|Any CPU.ActiveCfg = Release|Any CPU
		{86676518-1C20-44CF-822C-338ED7F5B50B}.Release|Any CPU.Build.0 = Release|Any CPU
		{A585CF96-F55E-4F16-855A-EBE0AA900601}.Debug|Any CPU.ActiveCfg = Debug|Any CPU
		{A585CF96-F55E-4F16-855A-EBE0AA900601}.Debug|Any CPU.Build.0 = Debug|Any CPU
		{A585CF96-F55E-4F16-855A-EBE0AA900601}.Release|Any CPU.ActiveCfg = Release|Any CPU
		{A585CF96-F55E-4F16-855A-EBE0AA900601}.Release|Any CPU.Build.0 = Release|Any CPU
		{27AE8AE8-0081-4FD5-907F-532C546F99B4}.Debug|Any CPU.ActiveCfg = Debug|Any CPU
		{27AE8AE8-0081-4FD5-907F-532C546F99B4}.Debug|Any CPU.Build.0 = Debug|Any CPU
		{27AE8AE8-0081-4FD5-907F-532C546F99B4}.Release|Any CPU.ActiveCfg = Release|Any CPU
		{27AE8AE8-0081-4FD5-907F-532C546F99B4}.Release|Any CPU.Build.0 = Release|Any CPU
	EndGlobalSection
	GlobalSection(SolutionProperties) = preSolution
		HideSolutionNode = FALSE
	EndGlobalSection
	GlobalSection(ExtensibilityGlobals) = postSolution
		SolutionGuid = {94780A94-F604-46EF-94EE-2EF7363E8706}
	EndGlobalSection
EndGlobal
